{
    "_readme": [
        "This file locks the dependencies of your project to a known state",
        "Read more about it at https://getcomposer.org/doc/01-basic-usage.md#installing-dependencies",
        "This file is @generated automatically"
    ],
    "content-hash": "f538fb206c2e2f2e05f59365656455c0",
    "packages": [
        {
            "name": "mk-j/php_xlsxwriter",
            "version": "0.32",
            "source": {
                "type": "git",
                "url": "https://github.com/mk-j/PHP_XLSXWriter.git",
                "reference": "94d5bb017b7fd3f3334309fba84de9b04ff0e07d"
            },
            "dist": {
                "type": "zip",
                "url": "https://api.github.com/repos/mk-j/PHP_XLSXWriter/zipball/94d5bb017b7fd3f3334309fba84de9b04ff0e07d",
                "reference": "94d5bb017b7fd3f3334309fba84de9b04ff0e07d",
                "shasum": "",
                "mirrors": [
                    {
                        "url": "https://mirrors.aliyun.com/composer/dists/%package%/%reference%.%type%",
                        "preferred": true
                    }
                ]
            },
            "require": {
                "ext-zip": "*",
                "php": ">=5.2.1"
            },
            "require-dev": {
                "phpunit/phpunit": "4.3.*"
            },
            "type": "project",
            "autoload": {
                "classmap": [
                    "xlsxwriter.class.php"
                ]
            },
            "notification-url": "https://packagist.org/downloads/",
            "license": [
                "MIT"
            ],
            "description": "PHP Library to write XLSX files",
            "homepage": "https://github.com/mk-j/PHP_XLSXWriter",
            "keywords": [
                "excel",
                "library",
                "php",
                "xls",
                "xlsx"
            ],
            "time": "2017-03-09T16:25:31+00:00"
        },
        {
            "name": "pfinal/excel",
            "version": "v1.1.8",
            "source": {
                "type": "git",
                "url": "https://github.com/pfinal/excel.git",
                "reference": "3e9392c0883235d50137d8265885b852858abbc6"
            },
            "dist": {
                "type": "zip",
                "url": "https://api.github.com/repos/pfinal/excel/zipball/3e9392c0883235d50137d8265885b852858abbc6",
                "reference": "3e9392c0883235d50137d8265885b852858abbc6",
                "shasum": "",
                "mirrors": [
                    {
                        "url": "https://mirrors.aliyun.com/composer/dists/%package%/%reference%.%type%",
                        "preferred": true
                    }
                ]
            },
            "require": {
                "mk-j/php_xlsxwriter": "^0.32.0",
                "php": ">=5.3",
                "phpoffice/phpexcel": "^1.8"
            },
            "type": "library",
            "autoload": {
                "psr-4": {
                    "PFinal\\Excel\\": "src/"
                }
            },
            "notification-url": "https://packagist.org/downloads/",
            "license": [
                "MIT"
            ],
            "authors": [
                {
                    "name": "Zou Yiliang"
                }
            ],
            "description": "excel",
            "homepage": "http://www.pfinal.cn",
            "time": "2020-04-28T04:10:05+00:00"
        },
        {
            "name": "phpoffice/phpexcel",
            "version": "1.8.2",
            "source": {
                "type": "git",
                "url": "https://github.com/PHPOffice/PHPExcel.git",
                "reference": "1441011fb7ecdd8cc689878f54f8b58a6805f870"
            },
            "dist": {
                "type": "zip",
                "url": "https://api.github.com/repos/PHPOffice/PHPExcel/zipball/1441011fb7ecdd8cc689878f54f8b58a6805f870",
                "reference": "1441011fb7ecdd8cc689878f54f8b58a6805f870",
                "shasum": "",
                "mirrors": [
                    {
                        "url": "https://mirrors.aliyun.com/composer/dists/%package%/%reference%.%type%",
                        "preferred": true
                    }
                ]
            },
            "require": {
                "ext-mbstring": "*",
                "ext-xml": "*",
                "ext-xmlwriter": "*",
                "php": "^5.2|^7.0"
            },
            "require-dev": {
                "squizlabs/php_codesniffer": "2.*"
            },
            "type": "library",
            "autoload": {
                "psr-0": {
                    "PHPExcel": "Classes/"
                }
            },
            "notification-url": "https://packagist.org/downloads/",
            "license": [
                "LGPL-2.1"
            ],
            "authors": [
                {
                    "name": "Maarten Balliauw",
                    "homepage": "http://blog.maartenballiauw.be"
                },
                {
                    "name": "Erik Tilt"
                },
                {
                    "name": "Franck Lefevre",
                    "homepage": "http://rootslabs.net"
                },
                {
                    "name": "Mark Baker",
                    "homepage": "http://markbakeruk.net"
                }
            ],
            "description": "PHPExcel - OpenXML - Read, Create and Write Spreadsheet documents in PHP - Spreadsheet engine",
            "homepage": "https://github.com/PHPOffice/PHPExcel",
            "keywords": [
                "OpenXML",
                "excel",
                "php",
                "spreadsheet",
                "xls",
                "xlsx"
            ],
            "abandoned": "phpoffice/phpspreadsheet",
            "time": "2018-11-22T23:07:24+00:00"
        }
    ],
    "packages-dev": [],
    "aliases": [],
    "minimum-stability": "stable",
    "stability-flags": [],
    "prefer-stable": false,
    "prefer-lowest": false,
    "platform": [],
    "platform-dev": []
}
